
Microsoft Visual Studio Solution File, Format Version 12.00
# Visual Studio Version 17
VisualStudioVersion = 17.9.34728.123
MinimumVisualStudioVersion = 10.0.40219.1
Project("{F2A71F9B-5D33-465A-A702-920D77279786}") = "PL-3 Projecttt", "PL-3 Projecttt.fsproj", "{3C986328-F991-4FE4-BA21-0A08AAA42F3A}"
EndProject
Global
	GlobalSection(SolutionConfigurationPlatforms) = preSolution
		Debug|Any CPU = Debug|Any CPU
		Release|Any CPU = Release|Any CPU
	EndGlobalSection
	GlobalSection(ProjectConfigurationPlatforms) = postSolution
		{3C986328-F991-4FE4-BA21-0A08AAA42F3A}.Debug|Any CPU.ActiveCfg = Debug|Any CPU
		{3C986328-F991-4FE4-BA21-0A08AAA42F3A}.Debug|Any CPU.Build.0 = Debug|Any CPU
		{3C986328-F991-4FE4-BA21-0A08AAA42F3A}.Release|Any CPU.ActiveCfg = Release|Any CPU
		{3C986328-F991-4FE4-BA21-0A08AAA42F3A}.Release|Any CPU.Build.0 = Release|Any CPU
	EndGlobalSection
	GlobalSection(SolutionProperties) = preSolution
		HideSolutionNode = FALSE
	EndGlobalSection
	GlobalSection(ExtensibilityGlobals) = postSolution
		SolutionGuid = {E5515322-0F84-41E6-999C-423DECB2A9C6}
	EndGlobalSection
EndGlobal
